
Microsoft Visual Studio Solution File, Format Version 12.00
# Visual Studio Version 16
VisualStudioVersion = 16.0.29324.140
MinimumVisualStudioVersion = 15.0.26124.0
Project("{9A19103F-16F7-4668-BE54-9A1E7A4F7556}") = "GamesManager.Launcher", "GamesManager.Launcher\GamesManager.Launcher.csproj", "{FEA0140D-FBB2-47C2-8062-CFAE107AE7ED}"
EndProject
Project("{FAE04EC0-301F-11D3-BF4B-00C04F79EFBC}") = "MVVM-Helper", "MVVM-Helper\MVVM-Helper.csproj", "{2E148B2C-AE01-4DCB-8920-DF712852CCEA}"
EndProject
Project("{9A19103F-16F7-4668-BE54-9A1E7A4F7556}") = "GamesManager.Common", "GamesManager.Common\GamesManager.Common.csproj", "{0812054F-8A57-45BA-9ABA-47CCFEE217AA}"
EndProject
Project("{9A19103F-16F7-4668-BE54-9A1E7A4F7556}") = "GamesManager.Api", "GamesManager.Api\GamesManager.Api.csproj", "{ACE50888-2618-45C5-AA20-11C8823105CA}"
EndProject
Project("{FAE04EC0-301F-11D3-BF4B-00C04F79EFBC}") = "GamesManager.Net", "GamesManager.Net\GamesManager.Net.csproj", "{19352DE2-70E0-4D66-84AA-9A54A316DD12}"
EndProject
Global
	GlobalSection(SolutionConfigurationPlatforms) = preSolution
		Debug|Any CPU = Debug|Any CPU
		Debug|x64 = Debug|x64
		Debug|x86 = Debug|x86
		Release|Any CPU = Release|Any CPU
		Release|x64 = Release|x64
		Release|x86 = Release|x86
	EndGlobalSection
	GlobalSection(ProjectConfigurationPlatforms) = postSolution
		{FEA0140D-FBB2-47C2-8062-CFAE107AE7ED}.Debug|Any CPU.ActiveCfg = Debug|Any CPU
		{FEA0140D-FBB2-47C2-8062-CFAE107AE7ED}.Debug|Any CPU.Build.0 = Debug|Any CPU
		{FEA0140D-FBB2-47C2-8062-CFAE107AE7ED}.Debug|x64.ActiveCfg = Debug|Any CPU
		{FEA0140D-FBB2-47C2-8062-CFAE107AE7ED}.Debug|x64.Build.0 = Debug|Any CPU
		{FEA0140D-FBB2-47C2-8062-CFAE107AE7ED}.Debug|x86.ActiveCfg = Debug|Any CPU
		{FEA0140D-FBB2-47C2-8062-CFAE107AE7ED}.Debug|x86.Build.0 = Debug|Any CPU
		{FEA0140D-FBB2-47C2-8062-CFAE107AE7ED}.Release|Any CPU.ActiveCfg = Release|Any CPU
		{FEA0140D-FBB2-47C2-8062-CFAE107AE7ED}.Release|Any CPU.Build.0 = Release|Any CPU
		{FEA0140D-FBB2-47C2-8062-CFAE107AE7ED}.Release|x64.ActiveCfg = Release|Any CPU
		{FEA0140D-FBB2-47C2-8062-CFAE107AE7ED}.Release|x64.Build.0 = Release|Any CPU
		{FEA0140D-FBB2-47C2-8062-CFAE107AE7ED}.Release|x86.ActiveCfg = Release|Any CPU
		{FEA0140D-FBB2-47C2-8062-CFAE107AE7ED}.Release|x86.Build.0 = Release|Any CPU
		{2E148B2C-AE01-4DCB-8920-DF712852CCEA}.Debug|Any CPU.ActiveCfg = Debug|Any CPU
		{2E148B2C-AE01-4DCB-8920-DF712852CCEA}.Debug|Any CPU.Build.0 = Debug|Any CPU
		{2E148B2C-AE01-4DCB-8920-DF712852CCEA}.Debug|x64.ActiveCfg = Debug|Any CPU
		{2E148B2C-AE01-4DCB-8920-DF712852CCEA}.Debug|x64.Build.0 = Debug|Any CPU
		{2E148B2C-AE01-4DCB-8920-DF712852CCEA}.Debug|x86.ActiveCfg = Debug|Any CPU
		{2E148B2C-AE01-4DCB-8920-DF712852CCEA}.Debug|x86.Build.0 = Debug|Any CPU
		{2E148B2C-AE01-4DCB-8920-DF712852CCEA}.Release|Any CPU.ActiveCfg = Release|Any CPU
		{2E148B2C-AE01-4DCB-8920-DF712852CCEA}.Release|Any CPU.Build.0 = Release|Any CPU
		{2E148B2C-AE01-4DCB-8920-DF712852CCEA}.Release|x64.ActiveCfg = Release|Any CPU
		{2E148B2C-AE01-4DCB-8920-DF712852CCEA}.Release|x64.Build.0 = Release|Any CPU
		{2E148B2C-AE01-4DCB-8920-DF712852CCEA}.Release|x86.ActiveCfg = Release|Any CPU
		{2E148B2C-AE01-4DCB-8920-DF712852CCEA}.Release|x86.Build.0 = Release|Any CPU
		{0812054F-8A57-45BA-9ABA-47CCFEE217AA}.Debug|Any CPU.ActiveCfg = Debug|Any CPU
		{0812054F-8A57-45BA-9ABA-47CCFEE217AA}.Debug|Any CPU.Build.0 = Debug|Any CPU
		{0812054F-8A57-45BA-9ABA-47CCFEE217AA}.Debug|x64.ActiveCfg = Debug|Any CPU
		{0812054F-8A57-45BA-9ABA-47CCFEE217AA}.Debug|x64.Build.0 = Debug|Any CPU
		{0812054F-8A57-45BA-9ABA-47CCFEE217AA}.Debug|x86.ActiveCfg = Debug|Any CPU
		{0812054F-8A57-45BA-9ABA-47CCFEE217AA}.Debug|x86.Build.0 = Debug|Any CPU
		{0812054F-8A57-45BA-9ABA-47CCFEE217AA}.Release|Any CPU.ActiveCfg = Release|Any CPU
		{0812054F-8A57-45BA-9ABA-47CCFEE217AA}.Release|Any CPU.Build.0 = Release|Any CPU
		{0812054F-8A57-45BA-9ABA-47CCFEE217AA}.Release|x64.ActiveCfg = Release|Any CPU
		{0812054F-8A57-45BA-9ABA-47CCFEE217AA}.Release|x64.Build.0 = Release|Any CPU
		{0812054F-8A57-45BA-9ABA-47CCFEE217AA}.Release|x86.ActiveCfg = Release|Any CPU
		{0812054F-8A57-45BA-9ABA-47CCFEE217AA}.Release|x86.Build.0 = Release|Any CPU
		{ACE50888-2618-45C5-AA20-11C8823105CA}.Debug|Any CPU.ActiveCfg = Debug|Any CPU
		{ACE50888-2618-45C5-AA20-11C8823105CA}.Debug|Any CPU.Build.0 = Debug|Any CPU
		{ACE50888-2618-45C5-AA20-11C8823105CA}.Debug|x64.ActiveCfg = Debug|Any CPU
		{ACE50888-2618-45C5-AA20-11C8823105CA}.Debug|x64.Build.0 = Debug|Any CPU
		{ACE50888-2618-45C5-AA20-11C8823105CA}.Debug|x86.ActiveCfg = Debug|Any CPU
		{ACE50888-2618-45C5-AA20-11C8823105CA}.Debug|x86.Build.0 = Debug|Any CPU
		{ACE50888-2618-45C5-AA20-11C8823105CA}.Release|Any CPU.ActiveCfg = Release|Any CPU
		{ACE50888-2618-45C5-AA20-11C8823105CA}.Release|Any CPU.Build.0 = Release|Any CPU
		{ACE50888-2618-45C5-AA20-11C8823105CA}.Release|x64.ActiveCfg = Release|Any CPU
		{ACE50888-2618-45C5-AA20-11C8823105CA}.Release|x64.Build.0 = Release|Any CPU
		{ACE50888-2618-45C5-AA20-11C8823105CA}.Release|x86.ActiveCfg = Release|Any CPU
		{ACE50888-2618-45C5-AA20-11C8823105CA}.Release|x86.Build.0 = Release|Any CPU
		{19352DE2-70E0-4D66-84AA-9A54A316DD12}.Debug|Any CPU.ActiveCfg = Debug|Any CPU
		{19352DE2-70E0-4D66-84AA-9A54A316DD12}.Debug|Any CPU.Build.0 = Debug|Any CPU
		{19352DE2-70E0-4D66-84AA-9A54A316DD12}.Debug|x64.ActiveCfg = Debug|Any CPU
		{19352DE2-70E0-4D66-84AA-9A54A316DD12}.Debug|x64.Build.0 = Debug|Any CPU
		{19352DE2-70E0-4D66-84AA-9A54A316DD12}.Debug|x86.ActiveCfg = Debug|Any CPU
		{19352DE2-70E0-4D66-84AA-9A54A316DD12}.Debug|x86.Build.0 = Debug|Any CPU
		{19352DE2-70E0-4D66-84AA-9A54A316DD12}.Release|Any CPU.ActiveCfg = Release|Any CPU
		{19352DE2-70E0-4D66-84AA-9A54A316DD12}.Release|Any CPU.Build.0 = Release|Any CPU
		{19352DE2-70E0-4D66-84AA-9A54A316DD12}.Release|x64.ActiveCfg = Release|Any CPU
		{19352DE2-70E0-4D66-84AA-9A54A316DD12}.Release|x64.Build.0 = Release|Any CPU
		{19352DE2-70E0-4D66-84AA-9A54A316DD12}.Release|x86.ActiveCfg = Release|Any CPU
		{19352DE2-70E0-4D66-84AA-9A54A316DD12}.Release|x86.Build.0 = Release|Any CPU
	EndGlobalSection
	GlobalSection(SolutionProperties) = preSolution
		HideSolutionNode = FALSE
	EndGlobalSection
	GlobalSection(ExtensibilityGlobals) = postSolution
		SolutionGuid = {325B9CE6-4F2E-41A1-9827-D51E299ACEDA}
	EndGlobalSection
EndGlobal
