
Microsoft Visual Studio Solution File, Format Version 12.00
# Visual Studio Version 16
VisualStudioVersion = 16.0.29324.140
MinimumVisualStudioVersion = 15.0.26124.0
Project("{9A19103F-16F7-4668-BE54-9A1E7A4F7556}") = "GamesManager.Common", "GamesManager.Common\GamesManager.Common.csproj", "{0812054F-8A57-45BA-9ABA-47CCFEE217AA}"
EndProject
Project("{9A19103F-16F7-4668-BE54-9A1E7A4F7556}") = "GamesManager.Api", "GamesManager.Api\GamesManager.Api.csproj", "{ACE50888-2618-45C5-AA20-11C8823105CA}"
EndProject
Project("{FAE04EC0-301F-11D3-BF4B-00C04F79EFBC}") = "GamesManager.Launcher", "GamesManager.Launcher\GamesManager.Launcher.csproj", "{037E5F2D-2FC1-4E36-A210-ECCA74E2A31C}"
EndProject
Global
	GlobalSection(SolutionConfigurationPlatforms) = preSolution
		Debug|Any CPU = Debug|Any CPU
		Debug|x64 = Debug|x64
		Debug|x86 = Debug|x86
		Release|Any CPU = Release|Any CPU
		Release|x64 = Release|x64
		Release|x86 = Release|x86
	EndGlobalSection
	GlobalSection(ProjectConfigurationPlatforms) = postSolution
		{0812054F-8A57-45BA-9ABA-47CCFEE217AA}.Debug|Any CPU.ActiveCfg = Debug|Any CPU
		{0812054F-8A57-45BA-9ABA-47CCFEE217AA}.Debug|Any CPU.Build.0 = Debug|Any CPU
		{0812054F-8A57-45BA-9ABA-47CCFEE217AA}.Debug|x64.ActiveCfg = Debug|Any CPU
		{0812054F-8A57-45BA-9ABA-47CCFEE217AA}.Debug|x64.Build.0 = Debug|Any CPU
		{0812054F-8A57-45BA-9ABA-47CCFEE217AA}.Debug|x86.ActiveCfg = Debug|Any CPU
		{0812054F-8A57-45BA-9ABA-47CCFEE217AA}.Debug|x86.Build.0 = Debug|Any CPU
		{0812054F-8A57-45BA-9ABA-47CCFEE217AA}.Release|Any CPU.ActiveCfg = Release|Any CPU
		{0812054F-8A57-45BA-9ABA-47CCFEE217AA}.Release|Any CPU.Build.0 = Release|Any CPU
		{0812054F-8A57-45BA-9ABA-47CCFEE217AA}.Release|x64.ActiveCfg = Release|Any CPU
		{0812054F-8A57-45BA-9ABA-47CCFEE217AA}.Release|x64.Build.0 = Release|Any CPU
		{0812054F-8A57-45BA-9ABA-47CCFEE217AA}.Release|x86.ActiveCfg = Release|Any CPU
		{0812054F-8A57-45BA-9ABA-47CCFEE217AA}.Release|x86.Build.0 = Release|Any CPU
		{ACE50888-2618-45C5-AA20-11C8823105CA}.Debug|Any CPU.ActiveCfg = Debug|Any CPU
		{ACE50888-2618-45C5-AA20-11C8823105CA}.Debug|Any CPU.Build.0 = Debug|Any CPU
		{ACE50888-2618-45C5-AA20-11C8823105CA}.Debug|x64.ActiveCfg = Debug|Any CPU
		{ACE50888-2618-45C5-AA20-11C8823105CA}.Debug|x64.Build.0 = Debug|Any CPU
		{ACE50888-2618-45C5-AA20-11C8823105CA}.Debug|x86.ActiveCfg = Debug|Any CPU
		{ACE50888-2618-45C5-AA20-11C8823105CA}.Debug|x86.Build.0 = Debug|Any CPU
		{ACE50888-2618-45C5-AA20-11C8823105CA}.Release|Any CPU.ActiveCfg = Release|Any CPU
		{ACE50888-2618-45C5-AA20-11C8823105CA}.Release|Any CPU.Build.0 = Release|Any CPU
		{ACE50888-2618-45C5-AA20-11C8823105CA}.Release|x64.ActiveCfg = Release|Any CPU
		{ACE50888-2618-45C5-AA20-11C8823105CA}.Release|x64.Build.0 = Release|Any CPU
		{ACE50888-2618-45C5-AA20-11C8823105CA}.Release|x86.ActiveCfg = Release|Any CPU
		{ACE50888-2618-45C5-AA20-11C8823105CA}.Release|x86.Build.0 = Release|Any CPU
		{037E5F2D-2FC1-4E36-A210-ECCA74E2A31C}.Debug|Any CPU.ActiveCfg = Debug|Any CPU
		{037E5F2D-2FC1-4E36-A210-ECCA74E2A31C}.Debug|Any CPU.Build.0 = Debug|Any CPU
		{037E5F2D-2FC1-4E36-A210-ECCA74E2A31C}.Debug|x64.ActiveCfg = Debug|Any CPU
		{037E5F2D-2FC1-4E36-A210-ECCA74E2A31C}.Debug|x64.Build.0 = Debug|Any CPU
		{037E5F2D-2FC1-4E36-A210-ECCA74E2A31C}.Debug|x86.ActiveCfg = Debug|Any CPU
		{037E5F2D-2FC1-4E36-A210-ECCA74E2A31C}.Debug|x86.Build.0 = Debug|Any CPU
		{037E5F2D-2FC1-4E36-A210-ECCA74E2A31C}.Release|Any CPU.ActiveCfg = Release|Any CPU
		{037E5F2D-2FC1-4E36-A210-ECCA74E2A31C}.Release|Any CPU.Build.0 = Release|Any CPU
		{037E5F2D-2FC1-4E36-A210-ECCA74E2A31C}.Release|x64.ActiveCfg = Release|Any CPU
		{037E5F2D-2FC1-4E36-A210-ECCA74E2A31C}.Release|x64.Build.0 = Release|Any CPU
		{037E5F2D-2FC1-4E36-A210-ECCA74E2A31C}.Release|x86.ActiveCfg = Release|Any CPU
		{037E5F2D-2FC1-4E36-A210-ECCA74E2A31C}.Release|x86.Build.0 = Release|Any CPU
	EndGlobalSection
	GlobalSection(SolutionProperties) = preSolution
		HideSolutionNode = FALSE
	EndGlobalSection
	GlobalSection(ExtensibilityGlobals) = postSolution
		SolutionGuid = {325B9CE6-4F2E-41A1-9827-D51E299ACEDA}
	EndGlobalSection
EndGlobal
